// !$*UTF8*$!
{
	archiveVersion = 1;
	classes = {
	};
	objectVersion = 77;
	objects = {

/* Begin PBXBuildFile section */
		21D19E2CC023745E03EAA236 /* calculator-hero.png in Resources */ = {isa = PBXBuildFile; fileRef = 61BE17F5B89EF726D3E13EAF /* calculator-hero.png */; };
		841F984A6468B0966D741A61 /* Assets.xcassets in Resources */ = {isa = PBXBuildFile; fileRef = 8E0CBE54E9EEBE795A37BC3C /* Assets.xcassets */; };
		DB7E6C13C3868B83B9CCC3BF /* ContentView.swift in Sources */ = {isa = PBXBuildFile; fileRef = E3E153D89F37A3AC67CA0F62 /* ContentView.swift */; };
		FACA7C38FA9D82062087748F /* EngineeringCalculatorHubApp.swift in Sources */ = {isa = PBXBuildFile; fileRef = ED124E8E0239109B2C5B2795 /* EngineeringCalculatorHubApp.swift */; };
/* End PBXBuildFile section */

/* Begin PBXFileReference section */
		61BE17F5B89EF726D3E13EAF /* calculator-hero.png */ = {isa = PBXFileReference; lastKnownFileType = image.png; path = "calculator-hero.png"; sourceTree = "<group>"; };
		8E0CBE54E9EEBE795A37BC3C /* Assets.xcassets */ = {isa = PBXFileReference; lastKnownFileType = folder.assetcatalog; path = Assets.xcassets; sourceTree = "<group>"; };
		BFFFD8CC427919B96AAA506C /* EngineeringCalculatorHubMac.app */ = {isa = PBXFileReference; explicitFileType = wrapper.application; includeInIndex = 0; path = EngineeringCalculatorHubMac.app; sourceTree = BUILT_PRODUCTS_DIR; };
		E3E153D89F37A3AC67CA0F62 /* ContentView.swift */ = {isa = PBXFileReference; lastKnownFileType = sourcecode.swift; path = ContentView.swift; sourceTree = "<group>"; };
		ED124E8E0239109B2C5B2795 /* EngineeringCalculatorHubApp.swift */ = {isa = PBXFileReference; lastKnownFileType = sourcecode.swift; path = EngineeringCalculatorHubApp.swift; sourceTree = "<group>"; };
/* End PBXFileReference section */

/* Begin PBXGroup section */
		1B35AF91D21619476C125552 /* Resources */ = {
			isa = PBXGroup;
			children = (
				61BE17F5B89EF726D3E13EAF /* calculator-hero.png */,
			);
			path = Resources;
			sourceTree = "<group>";
		};
		69A61BE46823AC426948BFB1 /* EngineeringCalculatorHub */ = {
			isa = PBXGroup;
			children = (
				8E0CBE54E9EEBE795A37BC3C /* Assets.xcassets */,
				E3E153D89F37A3AC67CA0F62 /* ContentView.swift */,
				ED124E8E0239109B2C5B2795 /* EngineeringCalculatorHubApp.swift */,
				1B35AF91D21619476C125552 /* Resources */,
			);
			path = EngineeringCalculatorHub;
			sourceTree = "<group>";
		};
		B18A6A9D5829BF7CD2FA628D = {
			isa = PBXGroup;
			children = (
				69A61BE46823AC426948BFB1 /* EngineeringCalculatorHub */,
				F1B76010853A056884824B55 /* Products */,
			);
			sourceTree = "<group>";
		};
		F1B76010853A056884824B55 /* Products */ = {
			isa = PBXGroup;
			children = (
				BFFFD8CC427919B96AAA506C /* EngineeringCalculatorHubMac.app */,
			);
			name = Products;
			sourceTree = "<group>";
		};
/* End PBXGroup section */

/* Begin PBXNativeTarget section */
		704D7AD92A395B5C365D35AC /* EngineeringCalculatorHubMac */ = {
			isa = PBXNativeTarget;
			buildConfigurationList = CB62D3140338E1ACA681F314 /* Build configuration list for PBXNativeTarget "EngineeringCalculatorHubMac" */;
			buildPhases = (
				0EB4328D4E0BA85E2DDD8A04 /* Sources */,
				4597E42C319436B1C4F97A0C /* Resources */,
			);
			buildRules = (
			);
			dependencies = (
			);
			name = EngineeringCalculatorHubMac;
			packageProductDependencies = (
			);
			productName = EngineeringCalculatorHubMac;
			productReference = BFFFD8CC427919B96AAA506C /* EngineeringCalculatorHubMac.app */;
			productType = "com.apple.product-type.application";
		};
/* End PBXNativeTarget section */

/* Begin PBXProject section */
		D17E8C0149B8BF8E628FC38C /* Project object */ = {
			isa = PBXProject;
			attributes = {
				BuildIndependentTargetsInParallel = YES;
				LastUpgradeCheck = 2650;
				TargetAttributes = {
				};
			};
			buildConfigurationList = 7F669F4D58B78DA199DE77DD /* Build configuration list for PBXProject "EngineeringCalculatorHubMac" */;
			developmentRegion = en;
			hasScannedForEncodings = 0;
			knownRegions = (
				Base,
				en,
			);
			mainGroup = B18A6A9D5829BF7CD2FA628D;
			minimizedProjectReferenceProxies = 1;
			preferredProjectObjectVersion = 77;
			productRefGroup = F1B76010853A056884824B55 /* Products */;
			projectDirPath = "";
			projectRoot = "";
			targets = (
				704D7AD92A395B5C365D35AC /* EngineeringCalculatorHubMac */,
			);
		};
/* End PBXProject section */

/* Begin PBXResourcesBuildPhase section */
		4597E42C319436B1C4F97A0C /* Resources */ = {
			isa = PBXResourcesBuildPhase;
			buildActionMask = 2147483647;
			files = (
				841F984A6468B0966D741A61 /* Assets.xcassets in Resources */,
				21D19E2CC023745E03EAA236 /* calculator-hero.png in Resources */,
			);
			runOnlyForDeploymentPostprocessing = 0;
		};
/* End PBXResourcesBuildPhase section */

/* Begin PBXSourcesBuildPhase section */
		0EB4328D4E0BA85E2DDD8A04 /* Sources */ = {
			isa = PBXSourcesBuildPhase;
			buildActionMask = 2147483647;
			files = (
				DB7E6C13C3868B83B9CCC3BF /* ContentView.swift in Sources */,
				FACA7C38FA9D82062087748F /* EngineeringCalculatorHubApp.swift in Sources */,
			);
			runOnlyForDeploymentPostprocessing = 0;
		};
/* End PBXSourcesBuildPhase section */

/* Begin XCBuildConfiguration section */
		3F8CD365E1344E737DD1F4DE /* Debug */ = {
			isa = XCBuildConfiguration;
			buildSettings = {
				ALWAYS_SEARCH_USER_PATHS = NO;
				CLANG_ANALYZER_NONNULL = YES;
				CLANG_ANALYZER_NUMBER_OBJECT_CONVERSION = YES_AGGRESSIVE;
				CLANG_CXX_LANGUAGE_STANDARD = "gnu++14";
				CLANG_CXX_LIBRARY = "libc++";
				CLANG_ENABLE_MODULES = YES;
				CLANG_ENABLE_OBJC_ARC = YES;
				CLANG_ENABLE_OBJC_WEAK = YES;
				CLANG_WARN_BLOCK_CAPTURE_AUTORELEASING = YES;
				CLANG_WARN_BOOL_CONVERSION = YES;
				CLANG_WARN_COMMA = YES;
				CLANG_WARN_CONSTANT_CONVERSION = YES;
				CLANG_WARN_DEPRECATED_OBJC_IMPLEMENTATIONS = YES;
				CLANG_WARN_DIRECT_OBJC_ISA_USAGE = YES_ERROR;
				CLANG_WARN_DOCUMENTATION_COMMENTS = YES;
				CLANG_WARN_EMPTY_BODY = YES;
				CLANG_WARN_ENUM_CONVERSION = YES;
				CLANG_WARN_INFINITE_RECURSION = YES;
				CLANG_WARN_INT_CONVERSION = YES;
				CLANG_WARN_NON_LITERAL_NULL_CONVERSION = YES;
				CLANG_WARN_OBJC_IMPLICIT_RETAIN_SELF = YES;
				CLANG_WARN_OBJC_LITERAL_CONVERSION = YES;
				CLANG_WARN_OBJC_ROOT_CLASS = YES_ERROR;
				CLANG_WARN_QUOTED_INCLUDE_IN_FRAMEWORK_HEADER = YES;
				CLANG_WARN_RANGE_LOOP_ANALYSIS = YES;
				CLANG_WARN_STRICT_PROTOTYPES = YES;
				CLANG_WARN_SUSPICIOUS_MOVE = YES;
				CLANG_WARN_UNGUARDED_AVAILABILITY = YES_AGGRESSIVE;
				CLANG_WARN_UNREACHABLE_CODE = YES;
				CLANG_WARN__DUPLICATE_METHOD_MATCH = YES;
				COPY_PHASE_STRIP = NO;
				DEBUG_INFORMATION_FORMAT = dwarf;
				ENABLE_STRICT_OBJC_MSGSEND = YES;
				ENABLE_TESTABILITY = YES;
				GCC_C_LANGUAGE_STANDARD = gnu11;
				GCC_DYNAMIC_NO_PIC = NO;
				GCC_NO_COMMON_BLOCKS = YES;
				GCC_OPTIMIZATION_LEVEL = 0;
				GCC_PREPROCESSOR_DEFINITIONS = (
					"$(inherited)",
					"DEBUG=1",
				);
				GCC_WARN_64_TO_32_BIT_CONVERSION = YES;
				GCC_WARN_ABOUT_RETURN_TYPE = YES_ERROR;
				GCC_WARN_UNDECLARED_SELECTOR = YES;
				GCC_WARN_UNINITIALIZED_AUTOS = YES_AGGRESSIVE;
				GCC_WARN_UNUSED_FUNCTION = YES;
				GCC_WARN_UNUSED_VARIABLE = YES;
				MACOSX_DEPLOYMENT_TARGET = 15.0;
				MTL_ENABLE_DEBUG_INFO = INCLUDE_SOURCE;
				MTL_FAST_MATH = YES;
				ONLY_ACTIVE_ARCH = YES;
				PRODUCT_NAME = "$(TARGET_NAME)";
				SDKROOT = macosx;
				SUPPORTED_PLATFORMS = macosx;
				SWIFT_ACTIVE_COMPILATION_CONDITIONS = DEBUG;
				SWIFT_OPTIMIZATION_LEVEL = "-Onone";
				SWIFT_VERSION = 6.0;
			};
			name = Debug;
		};
		C0D2D555E69E554A551C2CE3 /* Debug */ = {
			isa = XCBuildConfiguration;
			buildSettings = {
				ASSETCATALOG_COMPILER_APPICON_NAME = AppIcon;
				COMBINE_HIDPI_IMAGES = YES;
				ENABLE_PREVIEWS = YES;
				GENERATE_INFOPLIST_FILE = YES;
				INFOPLIST_KEY_CFBundleDisplayName = "Engineering Calculator Hub";
				LD_RUNPATH_SEARCH_PATHS = (
					"$(inherited)",
					"@executable_path/../Frameworks",
				);
				PRODUCT_BUNDLE_IDENTIFIER = com.sebastianforbes.engineeringcalculatorhub.mac;
				SDKROOT = macosx;
				SUPPORTED_PLATFORMS = macosx;
				SWIFT_VERSION = 6.0;
			};
			name = Debug;
		};
		D19DB21834FF39B27F90D8D5 /* Release */ = {
			isa = XCBuildConfiguration;
			buildSettings = {
				ASSETCATALOG_COMPILER_APPICON_NAME = AppIcon;
				COMBINE_HIDPI_IMAGES = YES;
				ENABLE_PREVIEWS = YES;
				GENERATE_INFOPLIST_FILE = YES;
				INFOPLIST_KEY_CFBundleDisplayName = "Engineering Calculator Hub";
				LD_RUNPATH_SEARCH_PATHS = (
					"$(inherited)",
					"@executable_path/../Frameworks",
				);
				PRODUCT_BUNDLE_IDENTIFIER = com.sebastianforbes.engineeringcalculatorhub.mac;
				SDKROOT = macosx;
				SUPPORTED_PLATFORMS = macosx;
				SWIFT_VERSION = 6.0;
			};
			name = Release;
		};
		D511005530E5ED76548201EA /* Release */ = {
			isa = XCBuildConfiguration;
			buildSettings = {
				ALWAYS_SEARCH_USER_PATHS = NO;
				CLANG_ANALYZER_NONNULL = YES;
				CLANG_ANALYZER_NUMBER_OBJECT_CONVERSION = YES_AGGRESSIVE;
				CLANG_CXX_LANGUAGE_STANDARD = "gnu++14";
				CLANG_CXX_LIBRARY = "libc++";
				CLANG_ENABLE_MODULES = YES;
				CLANG_ENABLE_OBJC_ARC = YES;
				CLANG_ENABLE_OBJC_WEAK = YES;
				CLANG_WARN_BLOCK_CAPTURE_AUTORELEASING = YES;
				CLANG_WARN_BOOL_CONVERSION = YES;
				CLANG_WARN_COMMA = YES;
				CLANG_WARN_CONSTANT_CONVERSION = YES;
				CLANG_WARN_DEPRECATED_OBJC_IMPLEMENTATIONS = YES;
				CLANG_WARN_DIRECT_OBJC_ISA_USAGE = YES_ERROR;
				CLANG_WARN_DOCUMENTATION_COMMENTS = YES;
				CLANG_WARN_EMPTY_BODY = YES;
				CLANG_WARN_ENUM_CONVERSION = YES;
				CLANG_WARN_INFINITE_RECURSION = YES;
				CLANG_WARN_INT_CONVERSION = YES;
				CLANG_WARN_NON_LITERAL_NULL_CONVERSION = YES;
				CLANG_WARN_OBJC_IMPLICIT_RETAIN_SELF = YES;
				CLANG_WARN_OBJC_LITERAL_CONVERSION = YES;
				CLANG_WARN_OBJC_ROOT_CLASS = YES_ERROR;
				CLANG_WARN_QUOTED_INCLUDE_IN_FRAMEWORK_HEADER = YES;
				CLANG_WARN_RANGE_LOOP_ANALYSIS = YES;
				CLANG_WARN_STRICT_PROTOTYPES = YES;
				CLANG_WARN_SUSPICIOUS_MOVE = YES;
				CLANG_WARN_UNGUARDED_AVAILABILITY = YES_AGGRESSIVE;
				CLANG_WARN_UNREACHABLE_CODE = YES;
				CLANG_WARN__DUPLICATE_METHOD_MATCH = YES;
				COPY_PHASE_STRIP = NO;
				DEBUG_INFORMATION_FORMAT = "dwarf-with-dsym";
				ENABLE_NS_ASSERTIONS = NO;
				ENABLE_STRICT_OBJC_MSGSEND = YES;
				GCC_C_LANGUAGE_STANDARD = gnu11;
				GCC_NO_COMMON_BLOCKS = YES;
				GCC_WARN_64_TO_32_BIT_CONVERSION = YES;
				GCC_WARN_ABOUT_RETURN_TYPE = YES_ERROR;
				GCC_WARN_UNDECLARED_SELECTOR = YES;
				GCC_WARN_UNINITIALIZED_AUTOS = YES_AGGRESSIVE;
				GCC_WARN_UNUSED_FUNCTION = YES;
				GCC_WARN_UNUSED_VARIABLE = YES;
				MACOSX_DEPLOYMENT_TARGET = 15.0;
				MTL_ENABLE_DEBUG_INFO = NO;
				MTL_FAST_MATH = YES;
				PRODUCT_NAME = "$(TARGET_NAME)";
				SDKROOT = macosx;
				SUPPORTED_PLATFORMS = macosx;
				SWIFT_COMPILATION_MODE = wholemodule;
				SWIFT_OPTIMIZATION_LEVEL = "-O";
				SWIFT_VERSION = 6.0;
			};
			name = Release;
		};
/* End XCBuildConfiguration section */

/* Begin XCConfigurationList section */
		7F669F4D58B78DA199DE77DD /* Build configuration list for PBXProject "EngineeringCalculatorHubMac" */ = {
			isa = XCConfigurationList;
			buildConfigurations = (
				3F8CD365E1344E737DD1F4DE /* Debug */,
				D511005530E5ED76548201EA /* Release */,
			);
			defaultConfigurationIsVisible = 0;
			defaultConfigurationName = Debug;
		};
		CB62D3140338E1ACA681F314 /* Build configuration list for PBXNativeTarget "EngineeringCalculatorHubMac" */ = {
			isa = XCConfigurationList;
			buildConfigurations = (
				C0D2D555E69E554A551C2CE3 /* Debug */,
				D19DB21834FF39B27F90D8D5 /* Release */,
			);
			defaultConfigurationIsVisible = 0;
			defaultConfigurationName = Debug;
		};
/* End XCConfigurationList section */
	};
	rootObject = D17E8C0149B8BF8E628FC38C /* Project object */;
}
